
Microsoft Visual Studio Solution File, Format Version 11.00
# Visual Studio 2010
Project("{FAE04EC0-301F-11D3-BF4B-00C04F79EFBC}") = "CsInNutshell", "CsInNutshell\CsInNutshell.csproj", "{509A3A48-A9A8-4FE5-B1C6-57F721174D00}"
EndProject
Global
	GlobalSection(SolutionConfigurationPlatforms) = preSolution
		Debug|x86 = Debug|x86
		Release|x86 = Release|x86
	EndGlobalSection
	GlobalSection(ProjectConfigurationPlatforms) = postSolution
		{509A3A48-A9A8-4FE5-B1C6-57F721174D00}.Debug|x86.ActiveCfg = Debug|x86
		{509A3A48-A9A8-4FE5-B1C6-57F721174D00}.Debug|x86.Build.0 = Debug|x86
		{509A3A48-A9A8-4FE5-B1C6-57F721174D00}.Release|x86.ActiveCfg = Release|x86
		{509A3A48-A9A8-4FE5-B1C6-57F721174D00}.Release|x86.Build.0 = Release|x86
	EndGlobalSection
	GlobalSection(SolutionProperties) = preSolution
		HideSolutionNode = FALSE
	EndGlobalSection
EndGlobal
